
Microsoft Visual Studio Solution File, Format Version 12.00
# Visual Studio Version 16
VisualStudioVersion = 16.0.30611.23
MinimumVisualStudioVersion = 10.0.40219.1
Project("{FAE04EC0-301F-11D3-BF4B-00C04F79EFBC}") = "ImageProcessingHWK2", "ImageProcessingHWK2\ImageProcessingHWK2.csproj", "{0EBA5197-A637-4B25-9FD7-BD64224A502E}"
EndProject
Global
	GlobalSection(SolutionConfigurationPlatforms) = preSolution
		Debug|Any CPU = Debug|Any CPU
		Release|Any CPU = Release|Any CPU
	EndGlobalSection
	GlobalSection(ProjectConfigurationPlatforms) = postSolution
		{0EBA5197-A637-4B25-9FD7-BD64224A502E}.Debug|Any CPU.ActiveCfg = Debug|Any CPU
		{0EBA5197-A637-4B25-9FD7-BD64224A502E}.Debug|Any CPU.Build.0 = Debug|Any CPU
		{0EBA5197-A637-4B25-9FD7-BD64224A502E}.Release|Any CPU.ActiveCfg = Release|Any CPU
		{0EBA5197-A637-4B25-9FD7-BD64224A502E}.Release|Any CPU.Build.0 = Release|Any CPU
	EndGlobalSection
	GlobalSection(SolutionProperties) = preSolution
		HideSolutionNode = FALSE
	EndGlobalSection
	GlobalSection(ExtensibilityGlobals) = postSolution
		SolutionGuid = {AF8C40C9-6EA0-46CA-8581-BEB69B5C9A5A}
	EndGlobalSection
EndGlobal
